
Microsoft Visual Studio Solution File, Format Version 12.00
# Visual Studio Version 17
VisualStudioVersion = 17.2.32602.215
MinimumVisualStudioVersion = 10.0.40219.1

Project("{FAE04EC0-301F-11D3-BF4B-00C04F79EFBC}") = "MapeoObjetos", "MapeoObjetos\MapeoObjetos.csproj", "{FD84D3B4-3556-4180-BC4E-40668D864775}"
EndProject
Global
	GlobalSection(SolutionConfigurationPlatforms) = preSolution
		Debug|Any CPU = Debug|Any CPU
		Release|Any CPU = Release|Any CPU
	EndGlobalSection
	GlobalSection(ProjectConfigurationPlatforms) = postSolution
		{FD84D3B4-3556-4180-BC4E-40668D864775}.Debug|Any CPU.ActiveCfg = Debug|Any CPU
		{FD84D3B4-3556-4180-BC4E-40668D864775}.Debug|Any CPU.Build.0 = Debug|Any CPU
		{FD84D3B4-3556-4180-BC4E-40668D864775}.Release|Any CPU.ActiveCfg = Release|Any CPU
		{FD84D3B4-3556-4180-BC4E-40668D864775}.Release|Any CPU.Build.0 = Release|Any CPU
	EndGlobalSection
	GlobalSection(SolutionProperties) = preSolution
		HideSolutionNode = FALSE
	EndGlobalSection
	GlobalSection(ExtensibilityGlobals) = postSolution
		SolutionGuid = {3D4E4DD7-02CD-4B95-A873-C187A34A4589}
	EndGlobalSection
EndGlobal
